github.com/coreos/etcd v3.3.12+incompatible h1:pAWNwdf7QiT1zfaWyqCtNZQWCLByQyA3JrSQyuYAqnQ=
github.com/coreos/etcd v3.3.12+incompatible/go.mod h1:uF7uidLiAD3TWHmW31ZFd/JWoc32PjwdhPthX9715RE=
github.com/coreos/go-semver v0.2.0 h1:3Jm3tLmsgAYcjC+4Up7hJrFBPr+n7rAqYeSw/SZazuY=
github.com/coreos/go-semver v0.2.0/go.mod h1:nnelYz7RCh+5ahJtPPxZlU+153eP4D4r3EedlOD2RNk=
github.com/ugorji/go v1.1.2 h1:JON3E2/GPW2iDNGoSAusl1KDf5TRQ8k8q7Tp097pZGs=
github.com/ugorji/go v1.1.2/go.mod h1:hnLbHMwcvSihnDhEfx2/BzKp2xb0Y+ErdfYcrs9tkJQ=
github.com/ugorji/go/codec v0.0.0-20190316192920-e2bddce071ad h1:Zu1a3eNI3eJefas3yuL6HAKy6eMhRCQFdtZQLC21l6U=
github.com/ugorji/go/codec v0.0.0-20190316192920-e2bddce071ad/go.mod h1:iT03XoTwV7xq/+UGwKO3UbC1nNNlopQiY61beSdrtOA=
